// !$*UTF8*$!
{
	archiveVersion = 1;
	classes = {
	};
	objectVersion = 50;
	objects = {

/* Begin PBXBuildFile section */
		4AE83597252EBBF300F70EA4 /* SwitchableCollectionView.swift in Sources */ = {isa = PBXBuildFile; fileRef = 4AE83596252EBBF300F70EA4 /* SwitchableCollectionView.swift */; };
		4AFE43F3252AE45A00A2AD55 /* AppDelegate.swift in Sources */ = {isa = PBXBuildFile; fileRef = 4AFE43F2252AE45A00A2AD55 /* AppDelegate.swift */; };
		4AFE43F5252AE45A00A2AD55 /* SceneDelegate.swift in Sources */ = {isa = PBXBuildFile; fileRef = 4AFE43F4252AE45A00A2AD55 /* SceneDelegate.swift */; };
		4AFE43F7252AE45A00A2AD55 /* ViewController.swift in Sources */ = {isa = PBXBuildFile; fileRef = 4AFE43F6252AE45A00A2AD55 /* ViewController.swift */; };
		4AFE43FA252AE45A00A2AD55 /* Main.storyboard in Resources */ = {isa = PBXBuildFile; fileRef = 4AFE43F8252AE45A00A2AD55 /* Main.storyboard */; };
		4AFE43FC252AE45C00A2AD55 /* Assets.xcassets in Resources */ = {isa = PBXBuildFile; fileRef = 4AFE43FB252AE45C00A2AD55 /* Assets.xcassets */; };
		4AFE43FF252AE45C00A2AD55 /* LaunchScreen.storyboard in Resources */ = {isa = PBXBuildFile; fileRef = 4AFE43FD252AE45C00A2AD55 /* LaunchScreen.storyboard */; };
		4AFE440A252AE45C00A2AD55 /* SwitchableCollectionViewTests.swift in Sources */ = {isa = PBXBuildFile; fileRef = 4AFE4409252AE45C00A2AD55 /* SwitchableCollectionViewTests.swift */; };
		4AFE4415252AE45C00A2AD55 /* SwitchableCollectionViewUITests.swift in Sources */ = {isa = PBXBuildFile; fileRef = 4AFE4414252AE45C00A2AD55 /* SwitchableCollectionViewUITests.swift */; };
		4AFE4423252B04BE00A2AD55 /* GridFlowLayout.swift in Sources */ = {isa = PBXBuildFile; fileRef = 4AFE4422252B04BE00A2AD55 /* GridFlowLayout.swift */; };
		4AFE4425252B04D600A2AD55 /* ListFlowLayout.swift in Sources */ = {isa = PBXBuildFile; fileRef = 4AFE4424252B04D600A2AD55 /* ListFlowLayout.swift */; };
		4AFE442E252D8C3600A2AD55 /* ImageCollectionViewCell.swift in Sources */ = {isa = PBXBuildFile; fileRef = 4AFE442C252D8C3600A2AD55 /* ImageCollectionViewCell.swift */; };
		4AFE442F252D8C3600A2AD55 /* ImageCollectionViewCell.xib in Resources */ = {isa = PBXBuildFile; fileRef = 4AFE442D252D8C3600A2AD55 /* ImageCollectionViewCell.xib */; };
/* End PBXBuildFile section */

/* Begin PBXContainerItemProxy section */
		4AFE4406252AE45C00A2AD55 /* PBXContainerItemProxy */ = {
			isa = PBXContainerItemProxy;
			containerPortal = 4AFE43E7252AE45A00A2AD55 /* Project object */;
			proxyType = 1;
			remoteGlobalIDString = 4AFE43EE252AE45A00A2AD55;
			remoteInfo = SwitchableCollectionView;
		};
		4AFE4411252AE45C00A2AD55 /* PBXContainerItemProxy */ = {
			isa = PBXContainerItemProxy;
			containerPortal = 4AFE43E7252AE45A00A2AD55 /* Project object */;
			proxyType = 1;
			remoteGlobalIDString = 4AFE43EE252AE45A00A2AD55;
			remoteInfo = SwitchableCollectionView;
		};
/* End PBXContainerItemProxy section */

/* Begin PBXFileReference section */
		4AE83596252EBBF300F70EA4 /* SwitchableCollectionView.swift */ = {isa = PBXFileReference; lastKnownFileType = sourcecode.swift; path = SwitchableCollectionView.swift; sourceTree = "<group>"; };
		4AFE43EF252AE45A00A2AD55 /* SwitchableCollectionView.app */ = {isa = PBXFileReference; explicitFileType = wrapper.application; includeInIndex = 0; path = SwitchableCollectionView.app; sourceTree = BUILT_PRODUCTS_DIR; };
		4AFE43F2252AE45A00A2AD55 /* AppDelegate.swift */ = {isa = PBXFileReference; lastKnownFileType = sourcecode.swift; path = AppDelegate.swift; sourceTree = "<group>"; };
		4AFE43F4252AE45A00A2AD55 /* SceneDelegate.swift */ = {isa = PBXFileReference; lastKnownFileType = sourcecode.swift; path = SceneDelegate.swift; sourceTree = "<group>"; };
		4AFE43F6252AE45A00A2AD55 /* ViewController.swift */ = {isa = PBXFileReference; lastKnownFileType = sourcecode.swift; path = ViewController.swift; sourceTree = "<group>"; };
		4AFE43F9252AE45A00A2AD55 /* Base */ = {isa = PBXFileReference; lastKnownFileType = file.storyboard; name = Base; path = Base.lproj/Main.storyboard; sourceTree = "<group>"; };
		4AFE43FB252AE45C00A2AD55 /* Assets.xcassets */ = {isa = PBXFileReference; lastKnownFileType = folder.assetcatalog; path = Assets.xcassets; sourceTree = "<group>"; };
		4AFE43FE252AE45C00A2AD55 /* Base */ = {isa = PBXFileReference; lastKnownFileType = file.storyboard; name = Base; path = Base.lproj/LaunchScreen.storyboard; sourceTree = "<group>"; };
		4AFE4400252AE45C00A2AD55 /* Info.plist */ = {isa = PBXFileReference; lastKnownFileType = text.plist.xml; path = Info.plist; sourceTree = "<group>"; };
		4AFE4405252AE45C00A2AD55 /* SwitchableCollectionViewTests.xctest */ = {isa = PBXFileReference; explicitFileType = wrapper.cfbundle; includeInIndex = 0; path = SwitchableCollectionViewTests.xctest; sourceTree = BUILT_PRODUCTS_DIR; };
		4AFE4409252AE45C00A2AD55 /* SwitchableCollectionViewTests.swift */ = {isa = PBXFileReference; lastKnownFileType = sourcecode.swift; path = SwitchableCollectionViewTests.swift; sourceTree = "<group>"; };
		4AFE440B252AE45C00A2AD55 /* Info.plist */ = {isa = PBXFileReference; lastKnownFileType = text.plist.xml; path = Info.plist; sourceTree = "<group>"; };
		4AFE4410252AE45C00A2AD55 /* SwitchableCollectionViewUITests.xctest */ = {isa = PBXFileReference; explicitFileType = wrapper.cfbundle; includeInIndex = 0; path = SwitchableCollectionViewUITests.xctest; sourceTree = BUILT_PRODUCTS_DIR; };
		4AFE4414252AE45C00A2AD55 /* SwitchableCollectionViewUITests.swift */ = {isa = PBXFileReference; lastKnownFileType = sourcecode.swift; path = SwitchableCollectionViewUITests.swift; sourceTree = "<group>"; };
		4AFE4416252AE45C00A2AD55 /* Info.plist */ = {isa = PBXFileReference; lastKnownFileType = text.plist.xml; path = Info.plist; sourceTree = "<group>"; };
		4AFE4422252B04BE00A2AD55 /* GridFlowLayout.swift */ = {isa = PBXFileReference; lastKnownFileType = sourcecode.swift; path = GridFlowLayout.swift; sourceTree = "<group>"; };
		4AFE4424252B04D600A2AD55 /* ListFlowLayout.swift */ = {isa = PBXFileReference; lastKnownFileType = sourcecode.swift; path = ListFlowLayout.swift; sourceTree = "<group>"; };
		4AFE442C252D8C3600A2AD55 /* ImageCollectionViewCell.swift */ = {isa = PBXFileReference; lastKnownFileType = sourcecode.swift; path = ImageCollectionViewCell.swift; sourceTree = "<group>"; };
		4AFE442D252D8C3600A2AD55 /* ImageCollectionViewCell.xib */ = {isa = PBXFileReference; lastKnownFileType = file.xib; path = ImageCollectionViewCell.xib; sourceTree = "<group>"; };
/* End PBXFileReference section */

/* Begin PBXFrameworksBuildPhase section */
		4AFE43EC252AE45A00A2AD55 /* Frameworks */ = {
			isa = PBXFrameworksBuildPhase;
			buildActionMask = 2147483647;
			files = (
			);
			runOnlyForDeploymentPostprocessing = 0;
		};
		4AFE4402252AE45C00A2AD55 /* Frameworks */ = {
			isa = PBXFrameworksBuildPhase;
			buildActionMask = 2147483647;
			files = (
			);
			runOnlyForDeploymentPostprocessing = 0;
		};
		4AFE440D252AE45C00A2AD55 /* Frameworks */ = {
			isa = PBXFrameworksBuildPhase;
			buildActionMask = 2147483647;
			files = (
			);
			runOnlyForDeploymentPostprocessing = 0;
		};
/* End PBXFrameworksBuildPhase section */

/* Begin PBXGroup section */
		4AFE43E6252AE45A00A2AD55 = {
			isa = PBXGroup;
			children = (
				4AFE43F1252AE45A00A2AD55 /* SwitchableCollectionView */,
				4AFE4408252AE45C00A2AD55 /* SwitchableCollectionViewTests */,
				4AFE4413252AE45C00A2AD55 /* SwitchableCollectionViewUITests */,
				4AFE43F0252AE45A00A2AD55 /* Products */,
			);
			sourceTree = "<group>";
		};
		4AFE43F0252AE45A00A2AD55 /* Products */ = {
			isa = PBXGroup;
			children = (
				4AFE43EF252AE45A00A2AD55 /* SwitchableCollectionView.app */,
				4AFE4405252AE45C00A2AD55 /* SwitchableCollectionViewTests.xctest */,
				4AFE4410252AE45C00A2AD55 /* SwitchableCollectionViewUITests.xctest */,
			);
			name = Products;
			sourceTree = "<group>";
		};
		4AFE43F1252AE45A00A2AD55 /* SwitchableCollectionView */ = {
			isa = PBXGroup;
			children = (
				4AFE43F2252AE45A00A2AD55 /* AppDelegate.swift */,
				4AFE43F4252AE45A00A2AD55 /* SceneDelegate.swift */,
				4AFE43F6252AE45A00A2AD55 /* ViewController.swift */,
				4AFE43F8252AE45A00A2AD55 /* Main.storyboard */,
				4AFE4430252D912A00A2AD55 /* CollectionView */,
				4AFE43FB252AE45C00A2AD55 /* Assets.xcassets */,
				4AFE43FD252AE45C00A2AD55 /* LaunchScreen.storyboard */,
				4AFE4400252AE45C00A2AD55 /* Info.plist */,
			);
			path = SwitchableCollectionView;
			sourceTree = "<group>";
		};
		4AFE4408252AE45C00A2AD55 /* SwitchableCollectionViewTests */ = {
			isa = PBXGroup;
			children = (
				4AFE4409252AE45C00A2AD55 /* SwitchableCollectionViewTests.swift */,
				4AFE440B252AE45C00A2AD55 /* Info.plist */,
			);
			path = SwitchableCollectionViewTests;
			sourceTree = "<group>";
		};
		4AFE4413252AE45C00A2AD55 /* SwitchableCollectionViewUITests */ = {
			isa = PBXGroup;
			children = (
				4AFE4414252AE45C00A2AD55 /* SwitchableCollectionViewUITests.swift */,
				4AFE4416252AE45C00A2AD55 /* Info.plist */,
			);
			path = SwitchableCollectionViewUITests;
			sourceTree = "<group>";
		};
		4AFE4430252D912A00A2AD55 /* CollectionView */ = {
			isa = PBXGroup;
			children = (
				4AE83596252EBBF300F70EA4 /* SwitchableCollectionView.swift */,
				4AFE4422252B04BE00A2AD55 /* GridFlowLayout.swift */,
				4AFE4424252B04D600A2AD55 /* ListFlowLayout.swift */,
				4AFE442C252D8C3600A2AD55 /* ImageCollectionViewCell.swift */,
				4AFE442D252D8C3600A2AD55 /* ImageCollectionViewCell.xib */,
			);
			path = CollectionView;
			sourceTree = "<group>";
		};
/* End PBXGroup section */

/* Begin PBXNativeTarget section */
		4AFE43EE252AE45A00A2AD55 /* SwitchableCollectionView */ = {
			isa = PBXNativeTarget;
			buildConfigurationList = 4AFE4419252AE45C00A2AD55 /* Build configuration list for PBXNativeTarget "SwitchableCollectionView" */;
			buildPhases = (
				4AFE43EB252AE45A00A2AD55 /* Sources */,
				4AFE43EC252AE45A00A2AD55 /* Frameworks */,
				4AFE43ED252AE45A00A2AD55 /* Resources */,
			);
			buildRules = (
			);
			dependencies = (
			);
			name = SwitchableCollectionView;
			productName = SwitchableCollectionView;
			productReference = 4AFE43EF252AE45A00A2AD55 /* SwitchableCollectionView.app */;
			productType = "com.apple.product-type.application";
		};
		4AFE4404252AE45C00A2AD55 /* SwitchableCollectionViewTests */ = {
			isa = PBXNativeTarget;
			buildConfigurationList = 4AFE441C252AE45C00A2AD55 /* Build configuration list for PBXNativeTarget "SwitchableCollectionViewTests" */;
			buildPhases = (
				4AFE4401252AE45C00A2AD55 /* Sources */,
				4AFE4402252AE45C00A2AD55 /* Frameworks */,
				4AFE4403252AE45C00A2AD55 /* Resources */,
			);
			buildRules = (
			);
			dependencies = (
				4AFE4407252AE45C00A2AD55 /* PBXTargetDependency */,
			);
			name = SwitchableCollectionViewTests;
			productName = SwitchableCollectionViewTests;
			productReference = 4AFE4405252AE45C00A2AD55 /* SwitchableCollectionViewTests.xctest */;
			productType = "com.apple.product-type.bundle.unit-test";
		};
		4AFE440F252AE45C00A2AD55 /* SwitchableCollectionViewUITests */ = {
			isa = PBXNativeTarget;
			buildConfigurationList = 4AFE441F252AE45C00A2AD55 /* Build configuration list for PBXNativeTarget "SwitchableCollectionViewUITests" */;
			buildPhases = (
				4AFE440C252AE45C00A2AD55 /* Sources */,
				4AFE440D252AE45C00A2AD55 /* Frameworks */,
				4AFE440E252AE45C00A2AD55 /* Resources */,
			);
			buildRules = (
			);
			dependencies = (
				4AFE4412252AE45C00A2AD55 /* PBXTargetDependency */,
			);
			name = SwitchableCollectionViewUITests;
			productName = SwitchableCollectionViewUITests;
			productReference = 4AFE4410252AE45C00A2AD55 /* SwitchableCollectionViewUITests.xctest */;
			productType = "com.apple.product-type.bundle.ui-testing";
		};
/* End PBXNativeTarget section */

/* Begin PBXProject section */
		4AFE43E7252AE45A00A2AD55 /* Project object */ = {
			isa = PBXProject;
			attributes = {
				LastSwiftUpdateCheck = 1160;
				LastUpgradeCheck = 1160;
				ORGANIZATIONNAME = "佐藤 優";
				TargetAttributes = {
					4AFE43EE252AE45A00A2AD55 = {
						CreatedOnToolsVersion = 11.6;
					};
					4AFE4404252AE45C00A2AD55 = {
						CreatedOnToolsVersion = 11.6;
						TestTargetID = 4AFE43EE252AE45A00A2AD55;
					};
					4AFE440F252AE45C00A2AD55 = {
						CreatedOnToolsVersion = 11.6;
						TestTargetID = 4AFE43EE252AE45A00A2AD55;
					};
				};
			};
			buildConfigurationList = 4AFE43EA252AE45A00A2AD55 /* Build configuration list for PBXProject "SwitchableCollectionView" */;
			compatibilityVersion = "Xcode 9.3";
			developmentRegion = en;
			hasScannedForEncodings = 0;
			knownRegions = (
				en,
				Base,
			);
			mainGroup = 4AFE43E6252AE45A00A2AD55;
			productRefGroup = 4AFE43F0252AE45A00A2AD55 /* Products */;
			projectDirPath = "";
			projectRoot = "";
			targets = (
				4AFE43EE252AE45A00A2AD55 /* SwitchableCollectionView */,
				4AFE4404252AE45C00A2AD55 /* SwitchableCollectionViewTests */,
				4AFE440F252AE45C00A2AD55 /* SwitchableCollectionViewUITests */,
			);
		};
/* End PBXProject section */

/* Begin PBXResourcesBuildPhase section */
		4AFE43ED252AE45A00A2AD55 /* Resources */ = {
			isa = PBXResourcesBuildPhase;
			buildActionMask = 2147483647;
			files = (
				4AFE43FF252AE45C00A2AD55 /* LaunchScreen.storyboard in Resources */,
				4AFE43FC252AE45C00A2AD55 /* Assets.xcassets in Resources */,
				4AFE442F252D8C3600A2AD55 /* ImageCollectionViewCell.xib in Resources */,
				4AFE43FA252AE45A00A2AD55 /* Main.storyboard in Resources */,
			);
			runOnlyForDeploymentPostprocessing = 0;
		};
		4AFE4403252AE45C00A2AD55 /* Resources */ = {
			isa = PBXResourcesBuildPhase;
			buildActionMask = 2147483647;
			files = (
			);
			runOnlyForDeploymentPostprocessing = 0;
		};
		4AFE440E252AE45C00A2AD55 /* Resources */ = {
			isa = PBXResourcesBuildPhase;
			buildActionMask = 2147483647;
			files = (
			);
			runOnlyForDeploymentPostprocessing = 0;
		};
/* End PBXResourcesBuildPhase section */

/* Begin PBXSourcesBuildPhase section */
		4AFE43EB252AE45A00A2AD55 /* Sources */ = {
			isa = PBXSourcesBuildPhase;
			buildActionMask = 2147483647;
			files = (
				4AFE4425252B04D600A2AD55 /* ListFlowLayout.swift in Sources */,
				4AFE43F7252AE45A00A2AD55 /* ViewController.swift in Sources */,
				4AFE442E252D8C3600A2AD55 /* ImageCollectionViewCell.swift in Sources */,
				4AFE43F3252AE45A00A2AD55 /* AppDelegate.swift in Sources */,
				4AFE43F5252AE45A00A2AD55 /* SceneDelegate.swift in Sources */,
				4AE83597252EBBF300F70EA4 /* SwitchableCollectionView.swift in Sources */,
				4AFE4423252B04BE00A2AD55 /* GridFlowLayout.swift in Sources */,
			);
			runOnlyForDeploymentPostprocessing = 0;
		};
		4AFE4401252AE45C00A2AD55 /* Sources */ = {
			isa = PBXSourcesBuildPhase;
			buildActionMask = 2147483647;
			files = (
				4AFE440A252AE45C00A2AD55 /* SwitchableCollectionViewTests.swift in Sources */,
			);
			runOnlyForDeploymentPostprocessing = 0;
		};
		4AFE440C252AE45C00A2AD55 /* Sources */ = {
			isa = PBXSourcesBuildPhase;
			buildActionMask = 2147483647;
			files = (
				4AFE4415252AE45C00A2AD55 /* SwitchableCollectionViewUITests.swift in Sources */,
			);
			runOnlyForDeploymentPostprocessing = 0;
		};
/* End PBXSourcesBuildPhase section */

/* Begin PBXTargetDependency section */
		4AFE4407252AE45C00A2AD55 /* PBXTargetDependency */ = {
			isa = PBXTargetDependency;
			target = 4AFE43EE252AE45A00A2AD55 /* SwitchableCollectionView */;
			targetProxy = 4AFE4406252AE45C00A2AD55 /* PBXContainerItemProxy */;
		};
		4AFE4412252AE45C00A2AD55 /* PBXTargetDependency */ = {
			isa = PBXTargetDependency;
			target = 4AFE43EE252AE45A00A2AD55 /* SwitchableCollectionView */;
			targetProxy = 4AFE4411252AE45C00A2AD55 /* PBXContainerItemProxy */;
		};
/* End PBXTargetDependency section */

/* Begin PBXVariantGroup section */
		4AFE43F8252AE45A00A2AD55 /* Main.storyboard */ = {
			isa = PBXVariantGroup;
			children = (
				4AFE43F9252AE45A00A2AD55 /* Base */,
			);
			name = Main.storyboard;
			sourceTree = "<group>";
		};
		4AFE43FD252AE45C00A2AD55 /* LaunchScreen.storyboard */ = {
			isa = PBXVariantGroup;
			children = (
				4AFE43FE252AE45C00A2AD55 /* Base */,
			);
			name = LaunchScreen.storyboard;
			sourceTree = "<group>";
		};
/* End PBXVariantGroup section */

/* Begin XCBuildConfiguration section */
		4AFE4417252AE45C00A2AD55 /* Debug */ = {
			isa = XCBuildConfiguration;
			buildSettings = {
				ALWAYS_SEARCH_USER_PATHS = NO;
				CLANG_ANALYZER_NONNULL = YES;
				CLANG_ANALYZER_NUMBER_OBJECT_CONVERSION = YES_AGGRESSIVE;
				CLANG_CXX_LANGUAGE_STANDARD = "gnu++14";
				CLANG_CXX_LIBRARY = "libc++";
				CLANG_ENABLE_MODULES = YES;
				CLANG_ENABLE_OBJC_ARC = YES;
				CLANG_ENABLE_OBJC_WEAK = YES;
				CLANG_WARN_BLOCK_CAPTURE_AUTORELEASING = YES;
				CLANG_WARN_BOOL_CONVERSION = YES;
				CLANG_WARN_COMMA = YES;
				CLANG_WARN_CONSTANT_CONVERSION = YES;
				CLANG_WARN_DEPRECATED_OBJC_IMPLEMENTATIONS = YES;
				CLANG_WARN_DIRECT_OBJC_ISA_USAGE = YES_ERROR;
				CLANG_WARN_DOCUMENTATION_COMMENTS = YES;
				CLANG_WARN_EMPTY_BODY = YES;
				CLANG_WARN_ENUM_CONVERSION = YES;
				CLANG_WARN_INFINITE_RECURSION = YES;
				CLANG_WARN_INT_CONVERSION = YES;
				CLANG_WARN_NON_LITERAL_NULL_CONVERSION = YES;
				CLANG_WARN_OBJC_IMPLICIT_RETAIN_SELF = YES;
				CLANG_WARN_OBJC_LITERAL_CONVERSION = YES;
				CLANG_WARN_OBJC_ROOT_CLASS = YES_ERROR;
				CLANG_WARN_RANGE_LOOP_ANALYSIS = YES;
				CLANG_WARN_STRICT_PROTOTYPES = YES;
				CLANG_WARN_SUSPICIOUS_MOVE = YES;
				CLANG_WARN_UNGUARDED_AVAILABILITY = YES_AGGRESSIVE;
				CLANG_WARN_UNREACHABLE_CODE = YES;
				CLANG_WARN__DUPLICATE_METHOD_MATCH = YES;
				COPY_PHASE_STRIP = NO;
				DEBUG_INFORMATION_FORMAT = dwarf;
				ENABLE_STRICT_OBJC_MSGSEND = YES;
				ENABLE_TESTABILITY = YES;
				GCC_C_LANGUAGE_STANDARD = gnu11;
				GCC_DYNAMIC_NO_PIC = NO;
				GCC_NO_COMMON_BLOCKS = YES;
				GCC_OPTIMIZATION_LEVEL = 0;
				GCC_PREPROCESSOR_DEFINITIONS = (
					"DEBUG=1",
					"$(inherited)",
				);
				GCC_WARN_64_TO_32_BIT_CONVERSION = YES;
				GCC_WARN_ABOUT_RETURN_TYPE = YES_ERROR;
				GCC_WARN_UNDECLARED_SELECTOR = YES;
				GCC_WARN_UNINITIALIZED_AUTOS = YES_AGGRESSIVE;
				GCC_WARN_UNUSED_FUNCTION = YES;
				GCC_WARN_UNUSED_VARIABLE = YES;
				IPHONEOS_DEPLOYMENT_TARGET = 13.6;
				MTL_ENABLE_DEBUG_INFO = INCLUDE_SOURCE;
				MTL_FAST_MATH = YES;
				ONLY_ACTIVE_ARCH = YES;
				SDKROOT = iphoneos;
				SWIFT_ACTIVE_COMPILATION_CONDITIONS = DEBUG;
				SWIFT_OPTIMIZATION_LEVEL = "-Onone";
			};
			name = Debug;
		};
		4AFE4418252AE45C00A2AD55 /* Release */ = {
			isa = XCBuildConfiguration;
			buildSettings = {
				ALWAYS_SEARCH_USER_PATHS = NO;
				CLANG_ANALYZER_NONNULL = YES;
				CLANG_ANALYZER_NUMBER_OBJECT_CONVERSION = YES_AGGRESSIVE;
				CLANG_CXX_LANGUAGE_STANDARD = "gnu++14";
				CLANG_CXX_LIBRARY = "libc++";
				CLANG_ENABLE_MODULES = YES;
				CLANG_ENABLE_OBJC_ARC = YES;
				CLANG_ENABLE_OBJC_WEAK = YES;
				CLANG_WARN_BLOCK_CAPTURE_AUTORELEASING = YES;
				CLANG_WARN_BOOL_CONVERSION = YES;
				CLANG_WARN_COMMA = YES;
				CLANG_WARN_CONSTANT_CONVERSION = YES;
				CLANG_WARN_DEPRECATED_OBJC_IMPLEMENTATIONS = YES;
				CLANG_WARN_DIRECT_OBJC_ISA_USAGE = YES_ERROR;
				CLANG_WARN_DOCUMENTATION_COMMENTS = YES;
				CLANG_WARN_EMPTY_BODY = YES;
				CLANG_WARN_ENUM_CONVERSION = YES;
				CLANG_WARN_INFINITE_RECURSION = YES;
				CLANG_WARN_INT_CONVERSION = YES;
				CLANG_WARN_NON_LITERAL_NULL_CONVERSION = YES;
				CLANG_WARN_OBJC_IMPLICIT_RETAIN_SELF = YES;
				CLANG_WARN_OBJC_LITERAL_CONVERSION = YES;
				CLANG_WARN_OBJC_ROOT_CLASS = YES_ERROR;
				CLANG_WARN_RANGE_LOOP_ANALYSIS = YES;
				CLANG_WARN_STRICT_PROTOTYPES = YES;
				CLANG_WARN_SUSPICIOUS_MOVE = YES;
				CLANG_WARN_UNGUARDED_AVAILABILITY = YES_AGGRESSIVE;
				CLANG_WARN_UNREACHABLE_CODE = YES;
				CLANG_WARN__DUPLICATE_METHOD_MATCH = YES;
				COPY_PHASE_STRIP = NO;
				DEBUG_INFORMATION_FORMAT = "dwarf-with-dsym";
				ENABLE_NS_ASSERTIONS = NO;
				ENABLE_STRICT_OBJC_MSGSEND = YES;
				GCC_C_LANGUAGE_STANDARD = gnu11;
				GCC_NO_COMMON_BLOCKS = YES;
				GCC_WARN_64_TO_32_BIT_CONVERSION = YES;
				GCC_WARN_ABOUT_RETURN_TYPE = YES_ERROR;
				GCC_WARN_UNDECLARED_SELECTOR = YES;
				GCC_WARN_UNINITIALIZED_AUTOS = YES_AGGRESSIVE;
				GCC_WARN_UNUSED_FUNCTION = YES;
				GCC_WARN_UNUSED_VARIABLE = YES;
				IPHONEOS_DEPLOYMENT_TARGET = 13.6;
				MTL_ENABLE_DEBUG_INFO = NO;
				MTL_FAST_MATH = YES;
				SDKROOT = iphoneos;
				SWIFT_COMPILATION_MODE = wholemodule;
				SWIFT_OPTIMIZATION_LEVEL = "-O";
				VALIDATE_PRODUCT = YES;
			};
			name = Release;
		};
		4AFE441A252AE45C00A2AD55 /* Debug */ = {
			isa = XCBuildConfiguration;
			buildSettings = {
				ASSETCATALOG_COMPILER_APPICON_NAME = AppIcon;
				CODE_SIGN_STYLE = Automatic;
				DEVELOPMENT_TEAM = G8U2ZPBB69;
				INFOPLIST_FILE = SwitchableCollectionView/Info.plist;
				LD_RUNPATH_SEARCH_PATHS = (
					"$(inherited)",
					"@executable_path/Frameworks",
				);
				PRODUCT_BUNDLE_IDENTIFIER = yu.sato.SwitchableCollectionView;
				PRODUCT_NAME = "$(TARGET_NAME)";
				SWIFT_VERSION = 5.0;
				TARGETED_DEVICE_FAMILY = "1,2";
			};
			name = Debug;
		};
		4AFE441B252AE45C00A2AD55 /* Release */ = {
			isa = XCBuildConfiguration;
			buildSettings = {
				ASSETCATALOG_COMPILER_APPICON_NAME = AppIcon;
				CODE_SIGN_STYLE = Automatic;
				DEVELOPMENT_TEAM = G8U2ZPBB69;
				INFOPLIST_FILE = SwitchableCollectionView/Info.plist;
				LD_RUNPATH_SEARCH_PATHS = (
					"$(inherited)",
					"@executable_path/Frameworks",
				);
				PRODUCT_BUNDLE_IDENTIFIER = yu.sato.SwitchableCollectionView;
				PRODUCT_NAME = "$(TARGET_NAME)";
				SWIFT_VERSION = 5.0;
				TARGETED_DEVICE_FAMILY = "1,2";
			};
			name = Release;
		};
		4AFE441D252AE45C00A2AD55 /* Debug */ = {
			isa = XCBuildConfiguration;
			buildSettings = {
				ALWAYS_EMBED_SWIFT_STANDARD_LIBRARIES = YES;
				BUNDLE_LOADER = "$(TEST_HOST)";
				CODE_SIGN_STYLE = Automatic;
				DEVELOPMENT_TEAM = G8U2ZPBB69;
				INFOPLIST_FILE = SwitchableCollectionViewTests/Info.plist;
				IPHONEOS_DEPLOYMENT_TARGET = 13.6;
				LD_RUNPATH_SEARCH_PATHS = (
					"$(inherited)",
					"@executable_path/Frameworks",
					"@loader_path/Frameworks",
				);
				PRODUCT_BUNDLE_IDENTIFIER = yu.sato.SwitchableCollectionViewTests;
				PRODUCT_NAME = "$(TARGET_NAME)";
				SWIFT_VERSION = 5.0;
				TARGETED_DEVICE_FAMILY = "1,2";
				TEST_HOST = "$(BUILT_PRODUCTS_DIR)/SwitchableCollectionView.app/SwitchableCollectionView";
			};
			name = Debug;
		};
		4AFE441E252AE45C00A2AD55 /* Release */ = {
			isa = XCBuildConfiguration;
			buildSettings = {
				ALWAYS_EMBED_SWIFT_STANDARD_LIBRARIES = YES;
				BUNDLE_LOADER = "$(TEST_HOST)";
				CODE_SIGN_STYLE = Automatic;
				DEVELOPMENT_TEAM = G8U2ZPBB69;
				INFOPLIST_FILE = SwitchableCollectionViewTests/Info.plist;
				IPHONEOS_DEPLOYMENT_TARGET = 13.6;
				LD_RUNPATH_SEARCH_PATHS = (
					"$(inherited)",
					"@executable_path/Frameworks",
					"@loader_path/Frameworks",
				);
				PRODUCT_BUNDLE_IDENTIFIER = yu.sato.SwitchableCollectionViewTests;
				PRODUCT_NAME = "$(TARGET_NAME)";
				SWIFT_VERSION = 5.0;
				TARGETED_DEVICE_FAMILY = "1,2";
				TEST_HOST = "$(BUILT_PRODUCTS_DIR)/SwitchableCollectionView.app/SwitchableCollectionView";
			};
			name = Release;
		};
		4AFE4420252AE45C00A2AD55 /* Debug */ = {
			isa = XCBuildConfiguration;
			buildSettings = {
				ALWAYS_EMBED_SWIFT_STANDARD_LIBRARIES = YES;
				CODE_SIGN_STYLE = Automatic;
				DEVELOPMENT_TEAM = G8U2ZPBB69;
				INFOPLIST_FILE = SwitchableCollectionViewUITests/Info.plist;
				LD_RUNPATH_SEARCH_PATHS = (
					"$(inherited)",
					"@executable_path/Frameworks",
					"@loader_path/Frameworks",
				);
				PRODUCT_BUNDLE_IDENTIFIER = yu.sato.SwitchableCollectionViewUITests;
				PRODUCT_NAME = "$(TARGET_NAME)";
				SWIFT_VERSION = 5.0;
				TARGETED_DEVICE_FAMILY = "1,2";
				TEST_TARGET_NAME = SwitchableCollectionView;
			};
			name = Debug;
		};
		4AFE4421252AE45C00A2AD55 /* Release */ = {
			isa = XCBuildConfiguration;
			buildSettings = {
				ALWAYS_EMBED_SWIFT_STANDARD_LIBRARIES = YES;
				CODE_SIGN_STYLE = Automatic;
				DEVELOPMENT_TEAM = G8U2ZPBB69;
				INFOPLIST_FILE = SwitchableCollectionViewUITests/Info.plist;
				LD_RUNPATH_SEARCH_PATHS = (
					"$(inherited)",
					"@executable_path/Frameworks",
					"@loader_path/Frameworks",
				);
				PRODUCT_BUNDLE_IDENTIFIER = yu.sato.SwitchableCollectionViewUITests;
				PRODUCT_NAME = "$(TARGET_NAME)";
				SWIFT_VERSION = 5.0;
				TARGETED_DEVICE_FAMILY = "1,2";
				TEST_TARGET_NAME = SwitchableCollectionView;
			};
			name = Release;
		};
/* End XCBuildConfiguration section */

/* Begin XCConfigurationList section */
		4AFE43EA252AE45A00A2AD55 /* Build configuration list for PBXProject "SwitchableCollectionView" */ = {
			isa = XCConfigurationList;
			buildConfigurations = (
				4AFE4417252AE45C00A2AD55 /* Debug */,
				4AFE4418252AE45C00A2AD55 /* Release */,
			);
			defaultConfigurationIsVisible = 0;
			defaultConfigurationName = Release;
		};
		4AFE4419252AE45C00A2AD55 /* Build configuration list for PBXNativeTarget "SwitchableCollectionView" */ = {
			isa = XCConfigurationList;
			buildConfigurations = (
				4AFE441A252AE45C00A2AD55 /* Debug */,
				4AFE441B252AE45C00A2AD55 /* Release */,
			);
			defaultConfigurationIsVisible = 0;
			defaultConfigurationName = Release;
		};
		4AFE441C252AE45C00A2AD55 /* Build configuration list for PBXNativeTarget "SwitchableCollectionViewTests" */ = {
			isa = XCConfigurationList;
			buildConfigurations = (
				4AFE441D252AE45C00A2AD55 /* Debug */,
				4AFE441E252AE45C00A2AD55 /* Release */,
			);
			defaultConfigurationIsVisible = 0;
			defaultConfigurationName = Release;
		};
		4AFE441F252AE45C00A2AD55 /* Build configuration list for PBXNativeTarget "SwitchableCollectionViewUITests" */ = {
			isa = XCConfigurationList;
			buildConfigurations = (
				4AFE4420252AE45C00A2AD55 /* Debug */,
				4AFE4421252AE45C00A2AD55 /* Release */,
			);
			defaultConfigurationIsVisible = 0;
			defaultConfigurationName = Release;
		};
/* End XCConfigurationList section */
	};
	rootObject = 4AFE43E7252AE45A00A2AD55 /* Project object */;
}
